Microsoft Visual Studio Solution File, Format Version 12.00
# Visual Studio 2012
Project("{FAE04EC0-301F-11D3-BF4B-00C04F79EFBC}") = "Godot.Community.ManagedAttributes", "Godot.Community.ManagedAttributes.csproj", "{B9B904F2-4F68-48F1-AEC3-E128A08810F5}"
EndProject
Global
	GlobalSection(SolutionConfigurationPlatforms) = preSolution
	Debug|Any CPU = Debug|Any CPU
	ExportDebug|Any CPU = ExportDebug|Any CPU
	ExportRelease|Any CPU = ExportRelease|Any CPU
	EndGlobalSection
	GlobalSection(ProjectConfigurationPlatforms) = postSolution
		{B9B904F2-4F68-48F1-AEC3-E128A08810F5}.Debug|Any CPU.ActiveCfg = Debug|Any CPU
		{B9B904F2-4F68-48F1-AEC3-E128A08810F5}.Debug|Any CPU.Build.0 = Debug|Any CPU
		{B9B904F2-4F68-48F1-AEC3-E128A08810F5}.ExportDebug|Any CPU.ActiveCfg = ExportDebug|Any CPU
		{B9B904F2-4F68-48F1-AEC3-E128A08810F5}.ExportDebug|Any CPU.Build.0 = ExportDebug|Any CPU
		{B9B904F2-4F68-48F1-AEC3-E128A08810F5}.ExportRelease|Any CPU.ActiveCfg = ExportRelease|Any CPU
		{B9B904F2-4F68-48F1-AEC3-E128A08810F5}.ExportRelease|Any CPU.Build.0 = ExportRelease|Any CPU
		{317B3D2A-52C5-4502-A63D-FFD6DCD62563}.Debug|Any CPU.ActiveCfg = Debug|Any CPU
		{317B3D2A-52C5-4502-A63D-FFD6DCD62563}.Debug|Any CPU.Build.0 = Debug|Any CPU
		{317B3D2A-52C5-4502-A63D-FFD6DCD62563}.ExportDebug|Any CPU.ActiveCfg = ExportDebug|Any CPU
		{317B3D2A-52C5-4502-A63D-FFD6DCD62563}.ExportDebug|Any CPU.Build.0 = ExportDebug|Any CPU
		{317B3D2A-52C5-4502-A63D-FFD6DCD62563}.ExportRelease|Any CPU.ActiveCfg = ExportRelease|Any CPU
		{317B3D2A-52C5-4502-A63D-FFD6DCD62563}.ExportRelease|Any CPU.Build.0 = ExportRelease|Any CPU
	EndGlobalSection
EndGlobal
